<Solution>
  <Project Path="../Goverment/Government.csproj" />
  <Project Path="../Government.API/Government.API.csproj" />
  <Project Path="../titans_adminAPI/titans_admin.API/titans_admin.API.csproj" />
  <Project Path="../TradeNet11.API/TradeNet11.API.csproj" />
  <Project Path="../TradeNet11.Tests/TradeNet11.Tests.csproj" />
  <Project Path="../TradeNetAPI/TradeNetAPI.csproj" />
  <Project Path="../TradenetProject.Api/TradenetProject.Api.csproj" />
  <Project Path="../Tradenet_ProgramManager_2.API.Tests/Tradenet_ProgramManager_2.API.Tests.csproj" />
  <Project Path="../Tradenet_ProgramManager_2.API/Tradenet_ProgramManager.API.csproj" />
</Solution>
